
Microsoft Visual Studio Solution File, Format Version 12.00
# Visual Studio Version 16
VisualStudioVersion = 16.0.30225.117
MinimumVisualStudioVersion = 10.0.40219.1
Project("{FAE04EC0-301F-11D3-BF4B-00C04F79EFBC}") = "DU Audio Test 2", "DU Audio Test 2\DU Audio Test 2.csproj", "{55092ABC-5A78-4321-A58E-98041ECC9F01}"
EndProject
Global
	GlobalSection(SolutionConfigurationPlatforms) = preSolution
		Debug|Any CPU = Debug|Any CPU
		Release|Any CPU = Release|Any CPU
	EndGlobalSection
	GlobalSection(ProjectConfigurationPlatforms) = postSolution
		{55092ABC-5A78-4321-A58E-98041ECC9F01}.Debug|Any CPU.ActiveCfg = Debug|Any CPU
		{55092ABC-5A78-4321-A58E-98041ECC9F01}.Debug|Any CPU.Build.0 = Debug|Any CPU
		{55092ABC-5A78-4321-A58E-98041ECC9F01}.Release|Any CPU.ActiveCfg = Release|Any CPU
		{55092ABC-5A78-4321-A58E-98041ECC9F01}.Release|Any CPU.Build.0 = Release|Any CPU
	EndGlobalSection
	GlobalSection(SolutionProperties) = preSolution
		HideSolutionNode = FALSE
	EndGlobalSection
	GlobalSection(ExtensibilityGlobals) = postSolution
		SolutionGuid = {66E3CFB6-55F6-497B-BC87-B0B6C87E99B9}
	EndGlobalSection
EndGlobal
